
Microsoft Visual Studio Solution File, Format Version 12.00
# Visual Studio Version 17
VisualStudioVersion = 17.9.34728.123
MinimumVisualStudioVersion = 10.0.40219.1
Project("{FAE04EC0-301F-11D3-BF4B-00C04F79EFBC}") = "SperingTask", "SperingTask\SperingTask.csproj", "{AE61DBB2-3309-403F-8D59-C51B4285CAEC}"
EndProject
Global
	GlobalSection(SolutionConfigurationPlatforms) = preSolution
		Debug|Any CPU = Debug|Any CPU
		Release|Any CPU = Release|Any CPU
	EndGlobalSection
	GlobalSection(ProjectConfigurationPlatforms) = postSolution
		{AE61DBB2-3309-403F-8D59-C51B4285CAEC}.Debug|Any CPU.ActiveCfg = Debug|Any CPU
		{AE61DBB2-3309-403F-8D59-C51B4285CAEC}.Debug|Any CPU.Build.0 = Debug|Any CPU
		{AE61DBB2-3309-403F-8D59-C51B4285CAEC}.Release|Any CPU.ActiveCfg = Release|Any CPU
		{AE61DBB2-3309-403F-8D59-C51B4285CAEC}.Release|Any CPU.Build.0 = Release|Any CPU
	EndGlobalSection
	GlobalSection(SolutionProperties) = preSolution
		HideSolutionNode = FALSE
	EndGlobalSection
	GlobalSection(ExtensibilityGlobals) = postSolution
		SolutionGuid = {6642E560-8F71-4B42-92D6-FB3A0AF3BDA5}
	EndGlobalSection
EndGlobal
